
Microsoft Visual Studio Solution File, Format Version 12.00
# Visual Studio Version 17
VisualStudioVersion = 17.8.34408.163
MinimumVisualStudioVersion = 10.0.40219.1
Project("{FAE04EC0-301F-11D3-BF4B-00C04F79EFBC}") = "eTickets", "eTickets\eTickets.csproj", "{6FA16FBB-B3D9-45BA-8372-7FAA1EF70C44}"
EndProject
Global
	GlobalSection(SolutionConfigurationPlatforms) = preSolution
		Debug|Any CPU = Debug|Any CPU
		Release|Any CPU = Release|Any CPU
	EndGlobalSection
	GlobalSection(ProjectConfigurationPlatforms) = postSolution
		{6FA16FBB-B3D9-45BA-8372-7FAA1EF70C44}.Debug|Any CPU.ActiveCfg = Debug|Any CPU
		{6FA16FBB-B3D9-45BA-8372-7FAA1EF70C44}.Debug|Any CPU.Build.0 = Debug|Any CPU
		{6FA16FBB-B3D9-45BA-8372-7FAA1EF70C44}.Release|Any CPU.ActiveCfg = Release|Any CPU
		{6FA16FBB-B3D9-45BA-8372-7FAA1EF70C44}.Release|Any CPU.Build.0 = Release|Any CPU
	EndGlobalSection
	GlobalSection(SolutionProperties) = preSolution
		HideSolutionNode = FALSE
	EndGlobalSection
	GlobalSection(ExtensibilityGlobals) = postSolution
		SolutionGuid = {381F6D65-9CD5-450E-866A-681F2985B3FA}
	EndGlobalSection
EndGlobal
